<?xml version="1.0" encoding="UTF-8"?>
<!DOCTYPE plist PUBLIC "-//Apple//DTD PLIST 1.0//EN" "http://www.apple.com/DTDs/PropertyList-1.0.dtd">
<plist version="1.0">
<dict>
	<key>archiveVersion</key>
	<string>1</string>
	<key>classes</key>
	<dict/>
	<key>objectVersion</key>
	<string>77</string>
	<key>objects</key>
	<dict>
		<key>5A61D6A92FA3F0D700CCA909</key>
		<dict>
			<key>children</key>
			<array>
				<string>5A61D6B42FA3F0D700CCA909</string>
				<string>5A61D6C22FA3F0DB00CCA909</string>
				<string>5A61D6CC2FA3F0DB00CCA909</string>
				<string>5A61D6B32FA3F0D700CCA909</string>
				<string>CC11D6AA2FA3F0AB00CC1234</string>
			</array>
			<key>isa</key>
			<string>PBXGroup</string>
			<key>sourceTree</key>
			<string>&lt;group&gt;</string>
		</dict>
		<key>5A61D6AA2FA3F0D700CCA909</key>
		<dict>
			<key>attributes</key>
			<dict>
				<key>BuildIndependentTargetsInParallel</key>
				<string>1</string>
				<key>LastSwiftUpdateCheck</key>
				<string>2640</string>
				<key>LastUpgradeCheck</key>
				<string>2640</string>
				<key>TargetAttributes</key>
				<dict>
					<key>5A61D6B12FA3F0D700CCA909</key>
					<dict>
						<key>CreatedOnToolsVersion</key>
						<string>26.4.1</string>
					</dict>
					<key>5A61D6BE2FA3F0DB00CCA909</key>
					<dict>
						<key>CreatedOnToolsVersion</key>
						<string>26.4.1</string>
						<key>TestTargetID</key>
						<string>5A61D6B12FA3F0D700CCA909</string>
					</dict>
					<key>5A61D6C82FA3F0DB00CCA909</key>
					<dict>
						<key>CreatedOnToolsVersion</key>
						<string>26.4.1</string>
						<key>TestTargetID</key>
						<string>5A61D6B12FA3F0D700CCA909</string>
					</dict>
				</dict>
			</dict>
			<key>buildConfigurationList</key>
			<string>5A61D6AD2FA3F0D700CCA909</string>
			<key>developmentRegion</key>
			<string>en</string>
			<key>hasScannedForEncodings</key>
			<string>0</string>
			<key>isa</key>
			<string>PBXProject</string>
			<key>knownRegions</key>
			<array>
				<string>en</string>
				<string>Base</string>
			</array>
			<key>mainGroup</key>
			<string>5A61D6A92FA3F0D700CCA909</string>
			<key>minimizedProjectReferenceProxies</key>
			<string>1</string>
			<key>preferredProjectObjectVersion</key>
			<string>77</string>
			<key>productRefGroup</key>
			<string>5A61D6B32FA3F0D700CCA909</string>
			<key>projectDirPath</key>
			<string></string>
			<key>projectRoot</key>
			<string></string>
			<key>targets</key>
			<array>
				<string>5A61D6B12FA3F0D700CCA909</string>
				<string>5A61D6BE2FA3F0DB00CCA909</string>
				<string>5A61D6C82FA3F0DB00CCA909</string>
			</array>
		</dict>
		<key>5A61D6AD2FA3F0D700CCA909</key>
		<dict>
			<key>buildConfigurations</key>
			<array>
				<string>5A61D6D12FA3F0DB00CCA909</string>
				<string>5A61D6D22FA3F0DB00CCA909</string>
			</array>
			<key>defaultConfigurationIsVisible</key>
			<string>0</string>
			<key>defaultConfigurationName</key>
			<string>Release</string>
			<key>isa</key>
			<string>XCConfigurationList</string>
		</dict>
		<key>5A61D6AE2FA3F0D700CCA909</key>
		<dict>
			<key>buildActionMask</key>
			<string>2147483647</string>
			<key>files</key>
			<array/>
			<key>isa</key>
			<string>PBXSourcesBuildPhase</string>
			<key>runOnlyForDeploymentPostprocessing</key>
			<string>0</string>
		</dict>
		<key>5A61D6AF2FA3F0D700CCA909</key>
		<dict>
			<key>buildActionMask</key>
			<string>2147483647</string>
			<key>files</key>
			<array/>
			<key>isa</key>
			<string>PBXFrameworksBuildPhase</string>
			<key>runOnlyForDeploymentPostprocessing</key>
			<string>0</string>
		</dict>
		<key>5A61D6B02FA3F0D700CCA909</key>
		<dict>
			<key>buildActionMask</key>
			<string>2147483647</string>
			<key>files</key>
			<array/>
			<key>isa</key>
			<string>PBXResourcesBuildPhase</string>
			<key>runOnlyForDeploymentPostprocessing</key>
			<string>0</string>
		</dict>
		<key>5A61D6B12FA3F0D700CCA909</key>
		<dict>
			<key>buildConfigurationList</key>
			<string>5A61D6D32FA3F0DB00CCA909</string>
			<key>buildPhases</key>
			<array>
				<string>CC33B7F42FB5D2EF00AA1234</string>
				<string>5A61D6AE2FA3F0D700CCA909</string>
				<string>5A61D6AF2FA3F0D700CCA909</string>
				<string>5A61D6B02FA3F0D700CCA909</string>
			</array>
			<key>buildRules</key>
			<array/>
			<key>dependencies</key>
			<array/>
			<key>fileSystemSynchronizedGroups</key>
			<array>
				<string>5A61D6B42FA3F0D700CCA909</string>
			</array>
			<key>isa</key>
			<string>PBXNativeTarget</string>
			<key>name</key>
			<string>Intashyo</string>
			<key>packageProductDependencies</key>
			<array/>
			<key>productName</key>
			<string>Intashyo</string>
			<key>productReference</key>
			<string>5A61D6B22FA3F0D700CCA909</string>
			<key>productType</key>
			<string>com.apple.product-type.application</string>
		</dict>
		<key>5A61D6B22FA3F0D700CCA909</key>
		<dict>
			<key>explicitFileType</key>
			<string>wrapper.application</string>
			<key>includeInIndex</key>
			<string>0</string>
			<key>isa</key>
			<string>PBXFileReference</string>
			<key>path</key>
			<string>Intashyo.app</string>
			<key>sourceTree</key>
			<string>BUILT_PRODUCTS_DIR</string>
		</dict>
		<key>5A61D6B32FA3F0D700CCA909</key>
		<dict>
			<key>children</key>
			<array>
				<string>5A61D6B22FA3F0D700CCA909</string>
				<string>5A61D6BF2FA3F0DB00CCA909</string>
				<string>5A61D6C92FA3F0DB00CCA909</string>
			</array>
			<key>isa</key>
			<string>PBXGroup</string>
			<key>name</key>
			<string>Products</string>
			<key>sourceTree</key>
			<string>&lt;group&gt;</string>
		</dict>
		<key>5A61D6B42FA3F0D700CCA909</key>
		<dict>
			<key>isa</key>
			<string>PBXFileSystemSynchronizedRootGroup</string>
			<key>path</key>
			<string>Intashyo</string>
			<key>sourceTree</key>
			<string>&lt;group&gt;</string>
		</dict>
		<key>5A61D6BB2FA3F0DB00CCA909</key>
		<dict>
			<key>buildActionMask</key>
			<string>2147483647</string>
			<key>files</key>
			<array/>
			<key>isa</key>
			<string>PBXSourcesBuildPhase</string>
			<key>runOnlyForDeploymentPostprocessing</key>
			<string>0</string>
		</dict>
		<key>5A61D6BC2FA3F0DB00CCA909</key>
		<dict>
			<key>buildActionMask</key>
			<string>2147483647</string>
			<key>files</key>
			<array/>
			<key>isa</key>
			<string>PBXFrameworksBuildPhase</string>
			<key>runOnlyForDeploymentPostprocessing</key>
			<string>0</string>
		</dict>
		<key>5A61D6BD2FA3F0DB00CCA909</key>
		<dict>
			<key>buildActionMask</key>
			<string>2147483647</string>
			<key>files</key>
			<array/>
			<key>isa</key>
			<string>PBXResourcesBuildPhase</string>
			<key>runOnlyForDeploymentPostprocessing</key>
			<string>0</string>
		</dict>
		<key>5A61D6BE2FA3F0DB00CCA909</key>
		<dict>
			<key>buildConfigurationList</key>
			<string>5A61D6D62FA3F0DB00CCA909</string>
			<key>buildPhases</key>
			<array>
				<string>5A61D6BB2FA3F0DB00CCA909</string>
				<string>5A61D6BC2FA3F0DB00CCA909</string>
				<string>5A61D6BD2FA3F0DB00CCA909</string>
			</array>
			<key>buildRules</key>
			<array/>
			<key>dependencies</key>
			<array>
				<string>5A61D6C12FA3F0DB00CCA909</string>
			</array>
			<key>fileSystemSynchronizedGroups</key>
			<array>
				<string>5A61D6C22FA3F0DB00CCA909</string>
			</array>
			<key>isa</key>
			<string>PBXNativeTarget</string>
			<key>name</key>
			<string>IntashyoTests</string>
			<key>packageProductDependencies</key>
			<array/>
			<key>productName</key>
			<string>IntashyoTests</string>
			<key>productReference</key>
			<string>5A61D6BF2FA3F0DB00CCA909</string>
			<key>productType</key>
			<string>com.apple.product-type.bundle.unit-test</string>
		</dict>
		<key>5A61D6BF2FA3F0DB00CCA909</key>
		<dict>
			<key>explicitFileType</key>
			<string>wrapper.cfbundle</string>
			<key>includeInIndex</key>
			<string>0</string>
			<key>isa</key>
			<string>PBXFileReference</string>
			<key>path</key>
			<string>IntashyoTests.xctest</string>
			<key>sourceTree</key>
			<string>BUILT_PRODUCTS_DIR</string>
		</dict>
		<key>5A61D6C02FA3F0DB00CCA909</key>
		<dict>
			<key>containerPortal</key>
			<string>5A61D6AA2FA3F0D700CCA909</string>
			<key>isa</key>
			<string>PBXContainerItemProxy</string>
			<key>proxyType</key>
			<string>1</string>
			<key>remoteGlobalIDString</key>
			<string>5A61D6B12FA3F0D700CCA909</string>
			<key>remoteInfo</key>
			<string>Intashyo</string>
		</dict>
		<key>5A61D6C12FA3F0DB00CCA909</key>
		<dict>
			<key>isa</key>
			<string>PBXTargetDependency</string>
			<key>target</key>
			<string>5A61D6B12FA3F0D700CCA909</string>
			<key>targetProxy</key>
			<string>5A61D6C02FA3F0DB00CCA909</string>
		</dict>
		<key>5A61D6C22FA3F0DB00CCA909</key>
		<dict>
			<key>isa</key>
			<string>PBXFileSystemSynchronizedRootGroup</string>
			<key>path</key>
			<string>IntashyoTests</string>
			<key>sourceTree</key>
			<string>&lt;group&gt;</string>
		</dict>
		<key>5A61D6C52FA3F0DB00CCA909</key>
		<dict>
			<key>buildActionMask</key>
			<string>2147483647</string>
			<key>files</key>
			<array/>
			<key>isa</key>
			<string>PBXSourcesBuildPhase</string>
			<key>runOnlyForDeploymentPostprocessing</key>
			<string>0</string>
		</dict>
		<key>5A61D6C62FA3F0DB00CCA909</key>
		<dict>
			<key>buildActionMask</key>
			<string>2147483647</string>
			<key>files</key>
			<array/>
			<key>isa</key>
			<string>PBXFrameworksBuildPhase</string>
			<key>runOnlyForDeploymentPostprocessing</key>
			<string>0</string>
		</dict>
		<key>5A61D6C72FA3F0DB00CCA909</key>
		<dict>
			<key>buildActionMask</key>
			<string>2147483647</string>
			<key>files</key>
			<array/>
			<key>isa</key>
			<string>PBXResourcesBuildPhase</string>
			<key>runOnlyForDeploymentPostprocessing</key>
			<string>0</string>
		</dict>
		<key>5A61D6C82FA3F0DB00CCA909</key>
		<dict>
			<key>buildConfigurationList</key>
			<string>5A61D6D92FA3F0DB00CCA909</string>
			<key>buildPhases</key>
			<array>
				<string>5A61D6C52FA3F0DB00CCA909</string>
				<string>5A61D6C62FA3F0DB00CCA909</string>
				<string>5A61D6C72FA3F0DB00CCA909</string>
			</array>
			<key>buildRules</key>
			<array/>
			<key>dependencies</key>
			<array>
				<string>5A61D6CB2FA3F0DB00CCA909</string>
			</array>
			<key>fileSystemSynchronizedGroups</key>
			<array>
				<string>5A61D6CC2FA3F0DB00CCA909</string>
			</array>
			<key>isa</key>
			<string>PBXNativeTarget</string>
			<key>name</key>
			<string>IntashyoUITests</string>
			<key>packageProductDependencies</key>
			<array/>
			<key>productName</key>
			<string>IntashyoUITests</string>
			<key>productReference</key>
			<string>5A61D6C92FA3F0DB00CCA909</string>
			<key>productType</key>
			<string>com.apple.product-type.bundle.ui-testing</string>
		</dict>
		<key>5A61D6C92FA3F0DB00CCA909</key>
		<dict>
			<key>explicitFileType</key>
			<string>wrapper.cfbundle</string>
			<key>includeInIndex</key>
			<string>0</string>
			<key>isa</key>
			<string>PBXFileReference</string>
			<key>path</key>
			<string>IntashyoUITests.xctest</string>
			<key>sourceTree</key>
			<string>BUILT_PRODUCTS_DIR</string>
		</dict>
		<key>5A61D6CA2FA3F0DB00CCA909</key>
		<dict>
			<key>containerPortal</key>
			<string>5A61D6AA2FA3F0D700CCA909</string>
			<key>isa</key>
			<string>PBXContainerItemProxy</string>
			<key>proxyType</key>
			<string>1</string>
			<key>remoteGlobalIDString</key>
			<string>5A61D6B12FA3F0D700CCA909</string>
			<key>remoteInfo</key>
			<string>Intashyo</string>
		</dict>
		<key>5A61D6CB2FA3F0DB00CCA909</key>
		<dict>
			<key>isa</key>
			<string>PBXTargetDependency</string>
			<key>target</key>
			<string>5A61D6B12FA3F0D700CCA909</string>
			<key>targetProxy</key>
			<string>5A61D6CA2FA3F0DB00CCA909</string>
		</dict>
		<key>5A61D6CC2FA3F0DB00CCA909</key>
		<dict>
			<key>isa</key>
			<string>PBXFileSystemSynchronizedRootGroup</string>
			<key>path</key>
			<string>IntashyoUITests</string>
			<key>sourceTree</key>
			<string>&lt;group&gt;</string>
		</dict>
		<key>5A61D6D12FA3F0DB00CCA909</key>
		<dict>
			<key>buildSettings</key>
			<dict>
				<key>ALWAYS_SEARCH_USER_PATHS</key>
				<string>NO</string>
				<key>ASSETCATALOG_COMPILER_GENERATE_SWIFT_ASSET_SYMBOL_EXTENSIONS</key>
				<string>YES</string>
				<key>CLANG_ANALYZER_NONNULL</key>
				<string>YES</string>
				<key>CLANG_ANALYZER_NUMBER_OBJECT_CONVERSION</key>
				<string>YES_AGGRESSIVE</string>
				<key>CLANG_CXX_LANGUAGE_STANDARD</key>
				<string>gnu++20</string>
				<key>CLANG_ENABLE_MODULES</key>
				<string>YES</string>
				<key>CLANG_ENABLE_OBJC_ARC</key>
				<string>YES</string>
				<key>CLANG_ENABLE_OBJC_WEAK</key>
				<string>YES</string>
				<key>CLANG_WARN_BLOCK_CAPTURE_AUTORELEASING</key>
				<string>YES</string>
				<key>CLANG_WARN_BOOL_CONVERSION</key>
				<string>YES</string>
				<key>CLANG_WARN_COMMA</key>
				<string>YES</string>
				<key>CLANG_WARN_CONSTANT_CONVERSION</key>
				<string>YES</string>
				<key>CLANG_WARN_DEPRECATED_OBJC_IMPLEMENTATIONS</key>
				<string>YES</string>
				<key>CLANG_WARN_DIRECT_OBJC_ISA_USAGE</key>
				<string>YES_ERROR</string>
				<key>CLANG_WARN_DOCUMENTATION_COMMENTS</key>
				<string>YES</string>
				<key>CLANG_WARN_EMPTY_BODY</key>
				<string>YES</string>
				<key>CLANG_WARN_ENUM_CONVERSION</key>
				<string>YES</string>
				<key>CLANG_WARN_INFINITE_RECURSION</key>
				<string>YES</string>
				<key>CLANG_WARN_INT_CONVERSION</key>
				<string>YES</string>
				<key>CLANG_WARN_NON_LITERAL_NULL_CONVERSION</key>
				<string>YES</string>
				<key>CLANG_WARN_OBJC_IMPLICIT_RETAIN_SELF</key>
				<string>YES</string>
				<key>CLANG_WARN_OBJC_LITERAL_CONVERSION</key>
				<string>YES</string>
				<key>CLANG_WARN_OBJC_ROOT_CLASS</key>
				<string>YES_ERROR</string>
				<key>CLANG_WARN_QUOTED_INCLUDE_IN_FRAMEWORK_HEADER</key>
				<string>YES</string>
				<key>CLANG_WARN_RANGE_LOOP_ANALYSIS</key>
				<string>YES</string>
				<key>CLANG_WARN_STRICT_PROTOTYPES</key>
				<string>YES</string>
				<key>CLANG_WARN_SUSPICIOUS_MOVE</key>
				<string>YES</string>
				<key>CLANG_WARN_UNGUARDED_AVAILABILITY</key>
				<string>YES_AGGRESSIVE</string>
				<key>CLANG_WARN_UNREACHABLE_CODE</key>
				<string>YES</string>
				<key>CLANG_WARN__DUPLICATE_METHOD_MATCH</key>
				<string>YES</string>
				<key>COPY_PHASE_STRIP</key>
				<string>NO</string>
				<key>DEBUG_INFORMATION_FORMAT</key>
				<string>dwarf</string>
				<key>ENABLE_STRICT_OBJC_MSGSEND</key>
				<string>YES</string>
				<key>ENABLE_TESTABILITY</key>
				<string>YES</string>
				<key>ENABLE_USER_SCRIPT_SANDBOXING</key>
				<string>YES</string>
				<key>GCC_C_LANGUAGE_STANDARD</key>
				<string>gnu17</string>
				<key>GCC_DYNAMIC_NO_PIC</key>
				<string>NO</string>
				<key>GCC_NO_COMMON_BLOCKS</key>
				<string>YES</string>
				<key>GCC_OPTIMIZATION_LEVEL</key>
				<string>0</string>
				<key>GCC_PREPROCESSOR_DEFINITIONS</key>
				<array>
					<string>DEBUG=1</string>
					<string>$(inherited)</string>
				</array>
				<key>GCC_WARN_64_TO_32_BIT_CONVERSION</key>
				<string>YES</string>
				<key>GCC_WARN_ABOUT_RETURN_TYPE</key>
				<string>YES_ERROR</string>
				<key>GCC_WARN_UNDECLARED_SELECTOR</key>
				<string>YES</string>
				<key>GCC_WARN_UNINITIALIZED_AUTOS</key>
				<string>YES_AGGRESSIVE</string>
				<key>GCC_WARN_UNUSED_FUNCTION</key>
				<string>YES</string>
				<key>GCC_WARN_UNUSED_VARIABLE</key>
				<string>YES</string>
				<key>IPHONEOS_DEPLOYMENT_TARGET</key>
				<string>26.4</string>
				<key>LOCALIZATION_PREFERS_STRING_CATALOGS</key>
				<string>YES</string>
				<key>MTL_ENABLE_DEBUG_INFO</key>
				<string>INCLUDE_SOURCE</string>
				<key>MTL_FAST_MATH</key>
				<string>YES</string>
				<key>ONLY_ACTIVE_ARCH</key>
				<string>YES</string>
				<key>SDKROOT</key>
				<string>iphoneos</string>
				<key>SWIFT_ACTIVE_COMPILATION_CONDITIONS</key>
				<string>DEBUG $(inherited)</string>
				<key>SWIFT_OPTIMIZATION_LEVEL</key>
				<string>-Onone</string>
			</dict>
			<key>isa</key>
			<string>XCBuildConfiguration</string>
			<key>name</key>
			<string>Debug</string>
		</dict>
		<key>5A61D6D22FA3F0DB00CCA909</key>
		<dict>
			<key>buildSettings</key>
			<dict>
				<key>ALWAYS_SEARCH_USER_PATHS</key>
				<string>NO</string>
				<key>ASSETCATALOG_COMPILER_GENERATE_SWIFT_ASSET_SYMBOL_EXTENSIONS</key>
				<string>YES</string>
				<key>CLANG_ANALYZER_NONNULL</key>
				<string>YES</string>
				<key>CLANG_ANALYZER_NUMBER_OBJECT_CONVERSION</key>
				<string>YES_AGGRESSIVE</string>
				<key>CLANG_CXX_LANGUAGE_STANDARD</key>
				<string>gnu++20</string>
				<key>CLANG_ENABLE_MODULES</key>
				<string>YES</string>
				<key>CLANG_ENABLE_OBJC_ARC</key>
				<string>YES</string>
				<key>CLANG_ENABLE_OBJC_WEAK</key>
				<string>YES</string>
				<key>CLANG_WARN_BLOCK_CAPTURE_AUTORELEASING</key>
				<string>YES</string>
				<key>CLANG_WARN_BOOL_CONVERSION</key>
				<string>YES</string>
				<key>CLANG_WARN_COMMA</key>
				<string>YES</string>
				<key>CLANG_WARN_CONSTANT_CONVERSION</key>
				<string>YES</string>
				<key>CLANG_WARN_DEPRECATED_OBJC_IMPLEMENTATIONS</key>
				<string>YES</string>
				<key>CLANG_WARN_DIRECT_OBJC_ISA_USAGE</key>
				<string>YES_ERROR</string>
				<key>CLANG_WARN_DOCUMENTATION_COMMENTS</key>
				<string>YES</string>
				<key>CLANG_WARN_EMPTY_BODY</key>
				<string>YES</string>
				<key>CLANG_WARN_ENUM_CONVERSION</key>
				<string>YES</string>
				<key>CLANG_WARN_INFINITE_RECURSION</key>
				<string>YES</string>
				<key>CLANG_WARN_INT_CONVERSION</key>
				<string>YES</string>
				<key>CLANG_WARN_NON_LITERAL_NULL_CONVERSION</key>
				<string>YES</string>
				<key>CLANG_WARN_OBJC_IMPLICIT_RETAIN_SELF</key>
				<string>YES</string>
				<key>CLANG_WARN_OBJC_LITERAL_CONVERSION</key>
				<string>YES</string>
				<key>CLANG_WARN_OBJC_ROOT_CLASS</key>
				<string>YES_ERROR</string>
				<key>CLANG_WARN_QUOTED_INCLUDE_IN_FRAMEWORK_HEADER</key>
				<string>YES</string>
				<key>CLANG_WARN_RANGE_LOOP_ANALYSIS</key>
				<string>YES</string>
				<key>CLANG_WARN_STRICT_PROTOTYPES</key>
				<string>YES</string>
				<key>CLANG_WARN_SUSPICIOUS_MOVE</key>
				<string>YES</string>
				<key>CLANG_WARN_UNGUARDED_AVAILABILITY</key>
				<string>YES_AGGRESSIVE</string>
				<key>CLANG_WARN_UNREACHABLE_CODE</key>
				<string>YES</string>
				<key>CLANG_WARN__DUPLICATE_METHOD_MATCH</key>
				<string>YES</string>
				<key>COPY_PHASE_STRIP</key>
				<string>NO</string>
				<key>DEBUG_INFORMATION_FORMAT</key>
				<string>dwarf-with-dsym</string>
				<key>ENABLE_NS_ASSERTIONS</key>
				<string>NO</string>
				<key>ENABLE_STRICT_OBJC_MSGSEND</key>
				<string>YES</string>
				<key>ENABLE_USER_SCRIPT_SANDBOXING</key>
				<string>YES</string>
				<key>GCC_C_LANGUAGE_STANDARD</key>
				<string>gnu17</string>
				<key>GCC_NO_COMMON_BLOCKS</key>
				<string>YES</string>
				<key>GCC_WARN_64_TO_32_BIT_CONVERSION</key>
				<string>YES</string>
				<key>GCC_WARN_ABOUT_RETURN_TYPE</key>
				<string>YES_ERROR</string>
				<key>GCC_WARN_UNDECLARED_SELECTOR</key>
				<string>YES</string>
				<key>GCC_WARN_UNINITIALIZED_AUTOS</key>
				<string>YES_AGGRESSIVE</string>
				<key>GCC_WARN_UNUSED_FUNCTION</key>
				<string>YES</string>
				<key>GCC_WARN_UNUSED_VARIABLE</key>
				<string>YES</string>
				<key>IPHONEOS_DEPLOYMENT_TARGET</key>
				<string>26.4</string>
				<key>LOCALIZATION_PREFERS_STRING_CATALOGS</key>
				<string>YES</string>
				<key>MTL_ENABLE_DEBUG_INFO</key>
				<string>NO</string>
				<key>MTL_FAST_MATH</key>
				<string>YES</string>
				<key>SDKROOT</key>
				<string>iphoneos</string>
				<key>SWIFT_COMPILATION_MODE</key>
				<string>wholemodule</string>
				<key>VALIDATE_PRODUCT</key>
				<string>YES</string>
			</dict>
			<key>isa</key>
			<string>XCBuildConfiguration</string>
			<key>name</key>
			<string>Release</string>
		</dict>
		<key>5A61D6D32FA3F0DB00CCA909</key>
		<dict>
			<key>buildConfigurations</key>
			<array>
				<string>5A61D6D42FA3F0DB00CCA909</string>
				<string>5A61D6D52FA3F0DB00CCA909</string>
			</array>
			<key>defaultConfigurationIsVisible</key>
			<string>0</string>
			<key>defaultConfigurationName</key>
			<string>Release</string>
			<key>isa</key>
			<string>XCConfigurationList</string>
		</dict>
		<key>5A61D6D42FA3F0DB00CCA909</key>
		<dict>
			<key>baseConfigurationReference</key>
			<string>CC11D6AA2FA3F0AB00CC1234</string>
			<key>buildSettings</key>
			<dict>
				<key>ASSETCATALOG_COMPILER_APPICON_NAME</key>
				<string>AppIcon</string>
				<key>ASSETCATALOG_COMPILER_GLOBAL_ACCENT_COLOR_NAME</key>
				<string>AccentColor</string>
				<key>CODE_SIGN_STYLE</key>
				<string>Automatic</string>
				<key>CURRENT_PROJECT_VERSION</key>
				<string>1</string>
				<key>ENABLE_PREVIEWS</key>
				<string>YES</string>
				<key>GENERATE_INFOPLIST_FILE</key>
				<string>YES</string>
				<key>INFOPLIST_KEY_GeminiAPIKey</key>
				<string>$(GEMINI_API_KEY)</string>
				<key>INFOPLIST_KEY_UIApplicationSceneManifest_Generation</key>
				<string>YES</string>
				<key>INFOPLIST_KEY_UIApplicationSupportsIndirectInputEvents</key>
				<string>YES</string>
				<key>INFOPLIST_KEY_UILaunchScreen_Generation</key>
				<string>YES</string>
				<key>INFOPLIST_KEY_UILaunchScreen_UIColorName</key>
				<string>LaunchBackground</string>
				<key>INFOPLIST_KEY_UILaunchScreen_UIImageName</key>
				<string>AppLogo</string>
				<key>INFOPLIST_KEY_UISupportedInterfaceOrientations_iPad</key>
				<string>UIInterfaceOrientationPortrait UIInterfaceOrientationPortraitUpsideDown UIInterfaceOrientationLandscapeLeft UIInterfaceOrientationLandscapeRight</string>
				<key>INFOPLIST_KEY_UISupportedInterfaceOrientations_iPhone</key>
				<string>UIInterfaceOrientationPortrait UIInterfaceOrientationLandscapeLeft UIInterfaceOrientationLandscapeRight</string>
				<key>LD_RUNPATH_SEARCH_PATHS</key>
				<array>
					<string>$(inherited)</string>
					<string>@executable_path/Frameworks</string>
				</array>
				<key>MARKETING_VERSION</key>
				<string>1.0</string>
				<key>PRODUCT_BUNDLE_IDENTIFIER</key>
				<string>Iradukunda.Intashyo</string>
				<key>PRODUCT_NAME</key>
				<string>$(TARGET_NAME)</string>
				<key>STRING_CATALOG_GENERATE_SYMBOLS</key>
				<string>YES</string>
				<key>SWIFT_APPROACHABLE_CONCURRENCY</key>
				<string>YES</string>
				<key>SWIFT_DEFAULT_ACTOR_ISOLATION</key>
				<string>MainActor</string>
				<key>SWIFT_EMIT_LOC_STRINGS</key>
				<string>YES</string>
				<key>SWIFT_UPCOMING_FEATURE_MEMBER_IMPORT_VISIBILITY</key>
				<string>YES</string>
				<key>SWIFT_VERSION</key>
				<string>5.0</string>
				<key>TARGETED_DEVICE_FAMILY</key>
				<string>1,2</string>
			</dict>
			<key>isa</key>
			<string>XCBuildConfiguration</string>
			<key>name</key>
			<string>Debug</string>
		</dict>
		<key>5A61D6D52FA3F0DB00CCA909</key>
		<dict>
			<key>baseConfigurationReference</key>
			<string>CC11D6AA2FA3F0AB00CC1234</string>
			<key>buildSettings</key>
			<dict>
				<key>ASSETCATALOG_COMPILER_APPICON_NAME</key>
				<string>AppIcon</string>
				<key>ASSETCATALOG_COMPILER_GLOBAL_ACCENT_COLOR_NAME</key>
				<string>AccentColor</string>
				<key>CODE_SIGN_STYLE</key>
				<string>Automatic</string>
				<key>CURRENT_PROJECT_VERSION</key>
				<string>1</string>
				<key>ENABLE_PREVIEWS</key>
				<string>YES</string>
				<key>GENERATE_INFOPLIST_FILE</key>
				<string>YES</string>
				<key>INFOPLIST_KEY_GeminiAPIKey</key>
				<string>$(GEMINI_API_KEY)</string>
				<key>INFOPLIST_KEY_UIApplicationSceneManifest_Generation</key>
				<string>YES</string>
				<key>INFOPLIST_KEY_UIApplicationSupportsIndirectInputEvents</key>
				<string>YES</string>
				<key>INFOPLIST_KEY_UILaunchScreen_Generation</key>
				<string>YES</string>
				<key>INFOPLIST_KEY_UILaunchScreen_UIColorName</key>
				<string>LaunchBackground</string>
				<key>INFOPLIST_KEY_UILaunchScreen_UIImageName</key>
				<string>AppLogo</string>
				<key>INFOPLIST_KEY_UISupportedInterfaceOrientations_iPad</key>
				<string>UIInterfaceOrientationPortrait UIInterfaceOrientationPortraitUpsideDown UIInterfaceOrientationLandscapeLeft UIInterfaceOrientationLandscapeRight</string>
				<key>INFOPLIST_KEY_UISupportedInterfaceOrientations_iPhone</key>
				<string>UIInterfaceOrientationPortrait UIInterfaceOrientationLandscapeLeft UIInterfaceOrientationLandscapeRight</string>
				<key>LD_RUNPATH_SEARCH_PATHS</key>
				<array>
					<string>$(inherited)</string>
					<string>@executable_path/Frameworks</string>
				</array>
				<key>MARKETING_VERSION</key>
				<string>1.0</string>
				<key>PRODUCT_BUNDLE_IDENTIFIER</key>
				<string>Iradukunda.Intashyo</string>
				<key>PRODUCT_NAME</key>
				<string>$(TARGET_NAME)</string>
				<key>STRING_CATALOG_GENERATE_SYMBOLS</key>
				<string>YES</string>
				<key>SWIFT_APPROACHABLE_CONCURRENCY</key>
				<string>YES</string>
				<key>SWIFT_DEFAULT_ACTOR_ISOLATION</key>
				<string>MainActor</string>
				<key>SWIFT_EMIT_LOC_STRINGS</key>
				<string>YES</string>
				<key>SWIFT_UPCOMING_FEATURE_MEMBER_IMPORT_VISIBILITY</key>
				<string>YES</string>
				<key>SWIFT_VERSION</key>
				<string>5.0</string>
				<key>TARGETED_DEVICE_FAMILY</key>
				<string>1,2</string>
			</dict>
			<key>isa</key>
			<string>XCBuildConfiguration</string>
			<key>name</key>
			<string>Release</string>
		</dict>
		<key>5A61D6D62FA3F0DB00CCA909</key>
		<dict>
			<key>buildConfigurations</key>
			<array>
				<string>5A61D6D72FA3F0DB00CCA909</string>
				<string>5A61D6D82FA3F0DB00CCA909</string>
			</array>
			<key>defaultConfigurationIsVisible</key>
			<string>0</string>
			<key>defaultConfigurationName</key>
			<string>Release</string>
			<key>isa</key>
			<string>XCConfigurationList</string>
		</dict>
		<key>5A61D6D72FA3F0DB00CCA909</key>
		<dict>
			<key>buildSettings</key>
			<dict>
				<key>BUNDLE_LOADER</key>
				<string>$(TEST_HOST)</string>
				<key>CODE_SIGN_STYLE</key>
				<string>Automatic</string>
				<key>CURRENT_PROJECT_VERSION</key>
				<string>1</string>
				<key>GENERATE_INFOPLIST_FILE</key>
				<string>YES</string>
				<key>IPHONEOS_DEPLOYMENT_TARGET</key>
				<string>26.4</string>
				<key>MARKETING_VERSION</key>
				<string>1.0</string>
				<key>PRODUCT_BUNDLE_IDENTIFIER</key>
				<string>Iradukunda.IntashyoTests</string>
				<key>PRODUCT_NAME</key>
				<string>$(TARGET_NAME)</string>
				<key>STRING_CATALOG_GENERATE_SYMBOLS</key>
				<string>NO</string>
				<key>SWIFT_APPROACHABLE_CONCURRENCY</key>
				<string>YES</string>
				<key>SWIFT_EMIT_LOC_STRINGS</key>
				<string>NO</string>
				<key>SWIFT_UPCOMING_FEATURE_MEMBER_IMPORT_VISIBILITY</key>
				<string>YES</string>
				<key>SWIFT_VERSION</key>
				<string>5.0</string>
				<key>TARGETED_DEVICE_FAMILY</key>
				<string>1,2</string>
				<key>TEST_HOST</key>
				<string>$(BUILT_PRODUCTS_DIR)/Intashyo.app/$(BUNDLE_EXECUTABLE_FOLDER_PATH)/Intashyo</string>
			</dict>
			<key>isa</key>
			<string>XCBuildConfiguration</string>
			<key>name</key>
			<string>Debug</string>
		</dict>
		<key>5A61D6D82FA3F0DB00CCA909</key>
		<dict>
			<key>buildSettings</key>
			<dict>
				<key>BUNDLE_LOADER</key>
				<string>$(TEST_HOST)</string>
				<key>CODE_SIGN_STYLE</key>
				<string>Automatic</string>
				<key>CURRENT_PROJECT_VERSION</key>
				<string>1</string>
				<key>GENERATE_INFOPLIST_FILE</key>
				<string>YES</string>
				<key>IPHONEOS_DEPLOYMENT_TARGET</key>
				<string>26.4</string>
				<key>MARKETING_VERSION</key>
				<string>1.0</string>
				<key>PRODUCT_BUNDLE_IDENTIFIER</key>
				<string>Iradukunda.IntashyoTests</string>
				<key>PRODUCT_NAME</key>
				<string>$(TARGET_NAME)</string>
				<key>STRING_CATALOG_GENERATE_SYMBOLS</key>
				<string>NO</string>
				<key>SWIFT_APPROACHABLE_CONCURRENCY</key>
				<string>YES</string>
				<key>SWIFT_EMIT_LOC_STRINGS</key>
				<string>NO</string>
				<key>SWIFT_UPCOMING_FEATURE_MEMBER_IMPORT_VISIBILITY</key>
				<string>YES</string>
				<key>SWIFT_VERSION</key>
				<string>5.0</string>
				<key>TARGETED_DEVICE_FAMILY</key>
				<string>1,2</string>
				<key>TEST_HOST</key>
				<string>$(BUILT_PRODUCTS_DIR)/Intashyo.app/$(BUNDLE_EXECUTABLE_FOLDER_PATH)/Intashyo</string>
			</dict>
			<key>isa</key>
			<string>XCBuildConfiguration</string>
			<key>name</key>
			<string>Release</string>
		</dict>
		<key>5A61D6D92FA3F0DB00CCA909</key>
		<dict>
			<key>buildConfigurations</key>
			<array>
				<string>5A61D6DA2FA3F0DB00CCA909</string>
				<string>5A61D6DB2FA3F0DB00CCA909</string>
			</array>
			<key>defaultConfigurationIsVisible</key>
			<string>0</string>
			<key>defaultConfigurationName</key>
			<string>Release</string>
			<key>isa</key>
			<string>XCConfigurationList</string>
		</dict>
		<key>5A61D6DA2FA3F0DB00CCA909</key>
		<dict>
			<key>buildSettings</key>
			<dict>
				<key>CODE_SIGN_STYLE</key>
				<string>Automatic</string>
				<key>CURRENT_PROJECT_VERSION</key>
				<string>1</string>
				<key>GENERATE_INFOPLIST_FILE</key>
				<string>YES</string>
				<key>MARKETING_VERSION</key>
				<string>1.0</string>
				<key>PRODUCT_BUNDLE_IDENTIFIER</key>
				<string>Iradukunda.IntashyoUITests</string>
				<key>PRODUCT_NAME</key>
				<string>$(TARGET_NAME)</string>
				<key>STRING_CATALOG_GENERATE_SYMBOLS</key>
				<string>NO</string>
				<key>SWIFT_APPROACHABLE_CONCURRENCY</key>
				<string>YES</string>
				<key>SWIFT_EMIT_LOC_STRINGS</key>
				<string>NO</string>
				<key>SWIFT_UPCOMING_FEATURE_MEMBER_IMPORT_VISIBILITY</key>
				<string>YES</string>
				<key>SWIFT_VERSION</key>
				<string>5.0</string>
				<key>TARGETED_DEVICE_FAMILY</key>
				<string>1,2</string>
				<key>TEST_TARGET_NAME</key>
				<string>Intashyo</string>
			</dict>
			<key>isa</key>
			<string>XCBuildConfiguration</string>
			<key>name</key>
			<string>Debug</string>
		</dict>
		<key>5A61D6DB2FA3F0DB00CCA909</key>
		<dict>
			<key>buildSettings</key>
			<dict>
				<key>CODE_SIGN_STYLE</key>
				<string>Automatic</string>
				<key>CURRENT_PROJECT_VERSION</key>
				<string>1</string>
				<key>GENERATE_INFOPLIST_FILE</key>
				<string>YES</string>
				<key>MARKETING_VERSION</key>
				<string>1.0</string>
				<key>PRODUCT_BUNDLE_IDENTIFIER</key>
				<string>Iradukunda.IntashyoUITests</string>
				<key>PRODUCT_NAME</key>
				<string>$(TARGET_NAME)</string>
				<key>STRING_CATALOG_GENERATE_SYMBOLS</key>
				<string>NO</string>
				<key>SWIFT_APPROACHABLE_CONCURRENCY</key>
				<string>YES</string>
				<key>SWIFT_EMIT_LOC_STRINGS</key>
				<string>NO</string>
				<key>SWIFT_UPCOMING_FEATURE_MEMBER_IMPORT_VISIBILITY</key>
				<string>YES</string>
				<key>SWIFT_VERSION</key>
				<string>5.0</string>
				<key>TARGETED_DEVICE_FAMILY</key>
				<string>1,2</string>
				<key>TEST_TARGET_NAME</key>
				<string>Intashyo</string>
			</dict>
			<key>isa</key>
			<string>XCBuildConfiguration</string>
			<key>name</key>
			<string>Release</string>
		</dict>
		<key>CC11D6AA2FA3F0AB00CC1234</key>
		<dict>
			<key>isa</key>
			<string>PBXFileReference</string>
			<key>lastKnownFileType</key>
			<string>text.xcconfig</string>
			<key>path</key>
			<string>Intashyo/Secrets.xcconfig</string>
			<key>sourceTree</key>
			<string>&lt;group&gt;</string>
		</dict>
		<key>CC33B7F42FB5D2EF00AA1234</key>
		<dict>
			<key>buildActionMask</key>
			<integer>2147483647</integer>
			<key>files</key>
			<array/>
			<key>inputPaths</key>
			<array/>
			<key>isa</key>
			<string>PBXShellScriptBuildPhase</string>
			<key>name</key>
			<string>Sync Gemini API Key</string>
			<key>outputPaths</key>
			<array/>
			<key>runOnlyForDeploymentPostprocessing</key>
			<integer>0</integer>
			<key>shellPath</key>
			<string>/bin/sh</string>
			<key>shellScript</key>
			<string>PLIST="${SRCROOT}/Intashyo/GeminiKey.plist"
if [ -n "${GEMINI_API_KEY}" ] &amp;&amp; [ -f "${PLIST}" ]; then
  /usr/libexec/PlistBuddy -c "Set :GeminiAPIKey ${GEMINI_API_KEY}" "${PLIST}"
fi
</string>
		</dict>
	</dict>
	<key>rootObject</key>
	<string>5A61D6AA2FA3F0D700CCA909</string>
</dict>
</plist>
